{
  "name": "leapbb8",
  "version": "1.0.0",
  "lockfileVersion": 1,
  "requires": true,
  "dependencies": {
    "bluebird": {
      "version": "3.7.1",
      "resolved": "https://registry.npmjs.org/bluebird/-/bluebird-3.7.1.tgz",
      "integrity": "sha512-DdmyoGCleJnkbp3nkbxTLJ18rjDsE4yCggEwKNXkeV123sPNfOCYeDoeuOY+F2FrSjO1YXcTU+dsy96KMy+gcg=="
    },
    "browser-serialport": {
      "version": "2.1.0",
      "resolved": "https://registry.npmjs.org/browser-serialport/-/browser-serialport-2.1.0.tgz",
      "integrity": "sha1-+4QHfoS5u7uEk1quH8rJzmEF3H8="
    },
    "gl-matrix": {
      "version": "3.4.3",
      "resolved": "https://registry.npmjs.org/gl-matrix/-/gl-matrix-3.4.3.tgz",
      "integrity": "sha512-wcCp8vu8FT22BnvKVPjXa/ICBWRq/zjFfdofZy1WSpQZpphblv12/bOQLBC1rMM7SGOFS9ltVmKOHil5+Ml7gA=="
    },
    "leapjs": {
      "version": "1.1.1",
      "resolved": "https://registry.npmjs.org/leapjs/-/leapjs-1.1.1.tgz",
      "integrity": "sha512-AXyzH3HuIlqaJWAfziVJa0K0k45wiavQUH7utDbDrYzlqSkqqCR3ePt8kpaDEzujx8rA3iDX+E6x2CnNR1XRXQ==",
      "requires": {
        "gl-matrix": "^3.3.0",
        "ws": "^7.4.6"
      }
    },
    "sphero": {
      "version": "0.9.2",
      "resolved": "https://registry.npmjs.org/sphero/-/sphero-0.9.2.tgz",
      "integrity": "sha1-szMamDaTcybHj7copwn77PfrEIQ=",
      "requires": {
        "bluebird": "^3.3.4",
        "browser-serialport": "^2.0.2"
      }
    },
    "ws": {
      "version": "7.5.9",
      "resolved": "https://registry.npmjs.org/ws/-/ws-7.5.9.tgz",
      "integrity": "sha512-F+P9Jil7UiSKSkppIiD94dN07AwvFixvLIj1Og1Rl9GGMuNipJnV9JzjD6XuqmAeiswGvUmNLjr5cFuXwNS77Q=="
    }
  }
}
